
Microsoft Visual Studio Solution File, Format Version 12.00
# Visual Studio Version 17
VisualStudioVersion = 17.8.34525.116
MinimumVisualStudioVersion = 10.0.40219.1
Project("{FAE04EC0-301F-11D3-BF4B-00C04F79EFBC}") = "Asset Manager", "Asset Manager\Asset Manager.csproj", "{C22DF37F-8616-45E3-87AD-C6C16AF032CF}"
EndProject
Global
	GlobalSection(SolutionConfigurationPlatforms) = preSolution
		Debug|Any CPU = Debug|Any CPU
		Release|Any CPU = Release|Any CPU
	EndGlobalSection
	GlobalSection(ProjectConfigurationPlatforms) = postSolution
		{C22DF37F-8616-45E3-87AD-C6C16AF032CF}.Debug|Any CPU.ActiveCfg = Debug|Any CPU
		{C22DF37F-8616-45E3-87AD-C6C16AF032CF}.Debug|Any CPU.Build.0 = Debug|Any CPU
		{C22DF37F-8616-45E3-87AD-C6C16AF032CF}.Release|Any CPU.ActiveCfg = Release|Any CPU
		{C22DF37F-8616-45E3-87AD-C6C16AF032CF}.Release|Any CPU.Build.0 = Release|Any CPU
	EndGlobalSection
	GlobalSection(SolutionProperties) = preSolution
		HideSolutionNode = FALSE
	EndGlobalSection
	GlobalSection(ExtensibilityGlobals) = postSolution
		SolutionGuid = {24BA67D7-0C6E-40D9-B2C7-55030C308A48}
	EndGlobalSection
EndGlobal
